// !$*UTF8*$!
{
	archiveVersion = 1;
	classes = {
	};
	objectVersion = 50;
	objects = {

/* Begin PBXBuildFile section */
		FB2B20C32549D6CB00910FC4 /* AppDelegate.swift in Sources */ = {isa = PBXBuildFile; fileRef = FB2B20C22549D6CB00910FC4 /* AppDelegate.swift */; };
		FB2B20C72549D6CB00910FC4 /* ViewController.swift in Sources */ = {isa = PBXBuildFile; fileRef = FB2B20C62549D6CB00910FC4 /* ViewController.swift */; };
		FB2B20CA2549D6CB00910FC4 /* Main.storyboard in Resources */ = {isa = PBXBuildFile; fileRef = FB2B20C82549D6CB00910FC4 /* Main.storyboard */; };
		FB2B20CC2549D6CE00910FC4 /* Assets.xcassets in Resources */ = {isa = PBXBuildFile; fileRef = FB2B20CB2549D6CE00910FC4 /* Assets.xcassets */; };
		FB2B20CF2549D6CE00910FC4 /* LaunchScreen.storyboard in Resources */ = {isa = PBXBuildFile; fileRef = FB2B20CD2549D6CE00910FC4 /* LaunchScreen.storyboard */; };
		FB2B20D92549D96C00910FC4 /* BarcodeGenerator.swift in Sources */ = {isa = PBXBuildFile; fileRef = FB2B20D82549D96C00910FC4 /* BarcodeGenerator.swift */; };
/* End PBXBuildFile section */

/* Begin PBXFileReference section */
		FB2B20BF2549D6CB00910FC4 /* Barcodes.app */ = {isa = PBXFileReference; explicitFileType = wrapper.application; includeInIndex = 0; path = Barcodes.app; sourceTree = BUILT_PRODUCTS_DIR; };
		FB2B20C22549D6CB00910FC4 /* AppDelegate.swift */ = {isa = PBXFileReference; lastKnownFileType = sourcecode.swift; path = AppDelegate.swift; sourceTree = "<group>"; };
		FB2B20C62549D6CB00910FC4 /* ViewController.swift */ = {isa = PBXFileReference; lastKnownFileType = sourcecode.swift; path = ViewController.swift; sourceTree = "<group>"; };
		FB2B20C92549D6CB00910FC4 /* Base */ = {isa = PBXFileReference; lastKnownFileType = file.storyboard; name = Base; path = Base.lproj/Main.storyboard; sourceTree = "<group>"; };
		FB2B20CB2549D6CE00910FC4 /* Assets.xcassets */ = {isa = PBXFileReference; lastKnownFileType = folder.assetcatalog; path = Assets.xcassets; sourceTree = "<group>"; };
		FB2B20CE2549D6CE00910FC4 /* Base */ = {isa = PBXFileReference; lastKnownFileType = file.storyboard; name = Base; path = Base.lproj/LaunchScreen.storyboard; sourceTree = "<group>"; };
		FB2B20D02549D6CE00910FC4 /* Info.plist */ = {isa = PBXFileReference; lastKnownFileType = text.plist.xml; path = Info.plist; sourceTree = "<group>"; };
		FB2B20D82549D96C00910FC4 /* BarcodeGenerator.swift */ = {isa = PBXFileReference; lastKnownFileType = sourcecode.swift; path = BarcodeGenerator.swift; sourceTree = "<group>"; };
/* End PBXFileReference section */

/* Begin PBXFrameworksBuildPhase section */
		FB2B20BC2549D6CB00910FC4 /* Frameworks */ = {
			isa = PBXFrameworksBuildPhase;
			buildActionMask = 2147483647;
			files = (
			);
			runOnlyForDeploymentPostprocessing = 0;
		};
/* End PBXFrameworksBuildPhase section */

/* Begin PBXGroup section */
		FB2B20B62549D6CB00910FC4 = {
			isa = PBXGroup;
			children = (
				FB2B20C12549D6CB00910FC4 /* Barcodes */,
				FB2B20C02549D6CB00910FC4 /* Products */,
			);
			sourceTree = "<group>";
		};
		FB2B20C02549D6CB00910FC4 /* Products */ = {
			isa = PBXGroup;
			children = (
				FB2B20BF2549D6CB00910FC4 /* Barcodes.app */,
			);
			name = Products;
			sourceTree = "<group>";
		};
		FB2B20C12549D6CB00910FC4 /* Barcodes */ = {
			isa = PBXGroup;
			children = (
				FB2B20C22549D6CB00910FC4 /* AppDelegate.swift */,
				FB2B20C62549D6CB00910FC4 /* ViewController.swift */,
				FB2B20C82549D6CB00910FC4 /* Main.storyboard */,
				FB2B20CB2549D6CE00910FC4 /* Assets.xcassets */,
				FB2B20CD2549D6CE00910FC4 /* LaunchScreen.storyboard */,
				FB2B20D02549D6CE00910FC4 /* Info.plist */,
				FB2B20D82549D96C00910FC4 /* BarcodeGenerator.swift */,
			);
			path = Barcodes;
			sourceTree = "<group>";
		};
/* End PBXGroup section */

/* Begin PBXNativeTarget section */
		FB2B20BE2549D6CB00910FC4 /* Barcodes */ = {
			isa = PBXNativeTarget;
			buildConfigurationList = FB2B20D32549D6CE00910FC4 /* Build configuration list for PBXNativeTarget "Barcodes" */;
			buildPhases = (
				FB2B20BB2549D6CB00910FC4 /* Sources */,
				FB2B20BC2549D6CB00910FC4 /* Frameworks */,
				FB2B20BD2549D6CB00910FC4 /* Resources */,
			);
			buildRules = (
			);
			dependencies = (
			);
			name = Barcodes;
			productName = Barcodes;
			productReference = FB2B20BF2549D6CB00910FC4 /* Barcodes.app */;
			productType = "com.apple.product-type.application";
		};
/* End PBXNativeTarget section */

/* Begin PBXProject section */
		FB2B20B72549D6CB00910FC4 /* Project object */ = {
			isa = PBXProject;
			attributes = {
				LastSwiftUpdateCheck = 1210;
				LastUpgradeCheck = 1210;
				TargetAttributes = {
					FB2B20BE2549D6CB00910FC4 = {
						CreatedOnToolsVersion = 12.1;
					};
				};
			};
			buildConfigurationList = FB2B20BA2549D6CB00910FC4 /* Build configuration list for PBXProject "Barcodes" */;
			compatibilityVersion = "Xcode 9.3";
			developmentRegion = en;
			hasScannedForEncodings = 0;
			knownRegions = (
				en,
				Base,
			);
			mainGroup = FB2B20B62549D6CB00910FC4;
			productRefGroup = FB2B20C02549D6CB00910FC4 /* Products */;
			projectDirPath = "";
			projectRoot = "";
			targets = (
				FB2B20BE2549D6CB00910FC4 /* Barcodes */,
			);
		};
/* End PBXProject section */

/* Begin PBXResourcesBuildPhase section */
		FB2B20BD2549D6CB00910FC4 /* Resources */ = {
			isa = PBXResourcesBuildPhase;
			buildActionMask = 2147483647;
			files = (
				FB2B20CF2549D6CE00910FC4 /* LaunchScreen.storyboard in Resources */,
				FB2B20CC2549D6CE00910FC4 /* Assets.xcassets in Resources */,
				FB2B20CA2549D6CB00910FC4 /* Main.storyboard in Resources */,
			);
			runOnlyForDeploymentPostprocessing = 0;
		};
/* End PBXResourcesBuildPhase section */

/* Begin PBXSourcesBuildPhase section */
		FB2B20BB2549D6CB00910FC4 /* Sources */ = {
			isa = PBXSourcesBuildPhase;
			buildActionMask = 2147483647;
			files = (
				FB2B20C72549D6CB00910FC4 /* ViewController.swift in Sources */,
				FB2B20D92549D96C00910FC4 /* BarcodeGenerator.swift in Sources */,
				FB2B20C32549D6CB00910FC4 /* AppDelegate.swift in Sources */,
			);
			runOnlyForDeploymentPostprocessing = 0;
		};
/* End PBXSourcesBuildPhase section */

/* Begin PBXVariantGroup section */
		FB2B20C82549D6CB00910FC4 /* Main.storyboard */ = {
			isa = PBXVariantGroup;
			children = (
				FB2B20C92549D6CB00910FC4 /* Base */,
			);
			name = Main.storyboard;
			sourceTree = "<group>";
		};
		FB2B20CD2549D6CE00910FC4 /* LaunchScreen.storyboard */ = {
			isa = PBXVariantGroup;
			children = (
				FB2B20CE2549D6CE00910FC4 /* Base */,
			);
			name = LaunchScreen.storyboard;
			sourceTree = "<group>";
		};
/* End PBXVariantGroup section */

/* Begin XCBuildConfiguration section */
		FB2B20D12549D6CE00910FC4 /* Debug */ = {
			isa = XCBuildConfiguration;
			buildSettings = {
				ALWAYS_SEARCH_USER_PATHS = NO;
				CLANG_ANALYZER_NONNULL = YES;
				CLANG_ANALYZER_NUMBER_OBJECT_CONVERSION = YES_AGGRESSIVE;
				CLANG_CXX_LANGUAGE_STANDARD = "gnu++14";
				CLANG_CXX_LIBRARY = "libc++";
				CLANG_ENABLE_MODULES = YES;
				CLANG_ENABLE_OBJC_ARC = YES;
				CLANG_ENABLE_OBJC_WEAK = YES;
				CLANG_WARN_BLOCK_CAPTURE_AUTORELEASING = YES;
				CLANG_WARN_BOOL_CONVERSION = YES;
				CLANG_WARN_COMMA = YES;
				CLANG_WARN_CONSTANT_CONVERSION = YES;
				CLANG_WARN_DEPRECATED_OBJC_IMPLEMENTATIONS = YES;
				CLANG_WARN_DIRECT_OBJC_ISA_USAGE = YES_ERROR;
				CLANG_WARN_DOCUMENTATION_COMMENTS = YES;
				CLANG_WARN_EMPTY_BODY = YES;
				CLANG_WARN_ENUM_CONVERSION = YES;
				CLANG_WARN_INFINITE_RECURSION = YES;
				CLANG_WARN_INT_CONVERSION = YES;
				CLANG_WARN_NON_LITERAL_NULL_CONVERSION = YES;
				CLANG_WARN_OBJC_IMPLICIT_RETAIN_SELF = YES;
				CLANG_WARN_OBJC_LITERAL_CONVERSION = YES;
				CLANG_WARN_OBJC_ROOT_CLASS = YES_ERROR;
				CLANG_WARN_QUOTED_INCLUDE_IN_FRAMEWORK_HEADER = YES;
				CLANG_WARN_RANGE_LOOP_ANALYSIS = YES;
				CLANG_WARN_STRICT_PROTOTYPES = YES;
				CLANG_WARN_SUSPICIOUS_MOVE = YES;
				CLANG_WARN_UNGUARDED_AVAILABILITY = YES_AGGRESSIVE;
				CLANG_WARN_UNREACHABLE_CODE = YES;
				CLANG_WARN__DUPLICATE_METHOD_MATCH = YES;
				COPY_PHASE_STRIP = NO;
				DEBUG_INFORMATION_FORMAT = dwarf;
				ENABLE_STRICT_OBJC_MSGSEND = YES;
				ENABLE_TESTABILITY = YES;
				GCC_C_LANGUAGE_STANDARD = gnu11;
				GCC_DYNAMIC_NO_PIC = NO;
				GCC_NO_COMMON_BLOCKS = YES;
				GCC_OPTIMIZATION_LEVEL = 0;
				GCC_PREPROCESSOR_DEFINITIONS = (
					"DEBUG=1",
					"$(inherited)",
				);
				GCC_WARN_64_TO_32_BIT_CONVERSION = YES;
				GCC_WARN_ABOUT_RETURN_TYPE = YES_ERROR;
				GCC_WARN_UNDECLARED_SELECTOR = YES;
				GCC_WARN_UNINITIALIZED_AUTOS = YES_AGGRESSIVE;
				GCC_WARN_UNUSED_FUNCTION = YES;
				GCC_WARN_UNUSED_VARIABLE = YES;
				IPHONEOS_DEPLOYMENT_TARGET = 14.1;
				MTL_ENABLE_DEBUG_INFO = INCLUDE_SOURCE;
				MTL_FAST_MATH = YES;
				ONLY_ACTIVE_ARCH = YES;
				SDKROOT = iphoneos;
				SWIFT_ACTIVE_COMPILATION_CONDITIONS = DEBUG;
				SWIFT_OPTIMIZATION_LEVEL = "-Onone";
			};
			name = Debug;
		};
		FB2B20D22549D6CE00910FC4 /* Release */ = {
			isa = XCBuildConfiguration;
			buildSettings = {
				ALWAYS_SEARCH_USER_PATHS = NO;
				CLANG_ANALYZER_NONNULL = YES;
				CLANG_ANALYZER_NUMBER_OBJECT_CONVERSION = YES_AGGRESSIVE;
				CLANG_CXX_LANGUAGE_STANDARD = "gnu++14";
				CLANG_CXX_LIBRARY = "libc++";
				CLANG_ENABLE_MODULES = YES;
				CLANG_ENABLE_OBJC_ARC = YES;
				CLANG_ENABLE_OBJC_WEAK = YES;
				CLANG_WARN_BLOCK_CAPTURE_AUTORELEASING = YES;
				CLANG_WARN_BOOL_CONVERSION = YES;
				CLANG_WARN_COMMA = YES;
				CLANG_WARN_CONSTANT_CONVERSION = YES;
				CLANG_WARN_DEPRECATED_OBJC_IMPLEMENTATIONS = YES;
				CLANG_WARN_DIRECT_OBJC_ISA_USAGE = YES_ERROR;
				CLANG_WARN_DOCUMENTATION_COMMENTS = YES;
				CLANG_WARN_EMPTY_BODY = YES;
				CLANG_WARN_ENUM_CONVERSION = YES;
				CLANG_WARN_INFINITE_RECURSION = YES;
				CLANG_WARN_INT_CONVERSION = YES;
				CLANG_WARN_NON_LITERAL_NULL_CONVERSION = YES;
				CLANG_WARN_OBJC_IMPLICIT_RETAIN_SELF = YES;
				CLANG_WARN_OBJC_LITERAL_CONVERSION = YES;
				CLANG_WARN_OBJC_ROOT_CLASS = YES_ERROR;
				CLANG_WARN_QUOTED_INCLUDE_IN_FRAMEWORK_HEADER = YES;
				CLANG_WARN_RANGE_LOOP_ANALYSIS = YES;
				CLANG_WARN_STRICT_PROTOTYPES = YES;
				CLANG_WARN_SUSPICIOUS_MOVE = YES;
				CLANG_WARN_UNGUARDED_AVAILABILITY = YES_AGGRESSIVE;
				CLANG_WARN_UNREACHABLE_CODE = YES;
				CLANG_WARN__DUPLICATE_METHOD_MATCH = YES;
				COPY_PHASE_STRIP = NO;
				DEBUG_INFORMATION_FORMAT = "dwarf-with-dsym";
				ENABLE_NS_ASSERTIONS = NO;
				ENABLE_STRICT_OBJC_MSGSEND = YES;
				GCC_C_LANGUAGE_STANDARD = gnu11;
				GCC_NO_COMMON_BLOCKS = YES;
				GCC_WARN_64_TO_32_BIT_CONVERSION = YES;
				GCC_WARN_ABOUT_RETURN_TYPE = YES_ERROR;
				GCC_WARN_UNDECLARED_SELECTOR = YES;
				GCC_WARN_UNINITIALIZED_AUTOS = YES_AGGRESSIVE;
				GCC_WARN_UNUSED_FUNCTION = YES;
				GCC_WARN_UNUSED_VARIABLE = YES;
				IPHONEOS_DEPLOYMENT_TARGET = 14.1;
				MTL_ENABLE_DEBUG_INFO = NO;
				MTL_FAST_MATH = YES;
				SDKROOT = iphoneos;
				SWIFT_COMPILATION_MODE = wholemodule;
				SWIFT_OPTIMIZATION_LEVEL = "-O";
				VALIDATE_PRODUCT = YES;
			};
			name = Release;
		};
		FB2B20D42549D6CE00910FC4 /* Debug */ = {
			isa = XCBuildConfiguration;
			buildSettings = {
				ASSETCATALOG_COMPILER_APPICON_NAME = AppIcon;
				ASSETCATALOG_COMPILER_GLOBAL_ACCENT_COLOR_NAME = AccentColor;
				CODE_SIGN_STYLE = Automatic;
				DEVELOPMENT_TEAM = NCC674B9Y5;
				INFOPLIST_FILE = Barcodes/Info.plist;
				LD_RUNPATH_SEARCH_PATHS = (
					"$(inherited)",
					"@executable_path/Frameworks",
				);
				PRODUCT_BUNDLE_IDENTIFIER = a.boriskin.personal.Barcodes;
				PRODUCT_NAME = "$(TARGET_NAME)";
				SWIFT_VERSION = 5.0;
				TARGETED_DEVICE_FAMILY = "1,2";
			};
			name = Debug;
		};
		FB2B20D52549D6CE00910FC4 /* Release */ = {
			isa = XCBuildConfiguration;
			buildSettings = {
				ASSETCATALOG_COMPILER_APPICON_NAME = AppIcon;
				ASSETCATALOG_COMPILER_GLOBAL_ACCENT_COLOR_NAME = AccentColor;
				CODE_SIGN_STYLE = Automatic;
				DEVELOPMENT_TEAM = NCC674B9Y5;
				INFOPLIST_FILE = Barcodes/Info.plist;
				LD_RUNPATH_SEARCH_PATHS = (
					"$(inherited)",
					"@executable_path/Frameworks",
				);
				PRODUCT_BUNDLE_IDENTIFIER = a.boriskin.personal.Barcodes;
				PRODUCT_NAME = "$(TARGET_NAME)";
				SWIFT_VERSION = 5.0;
				TARGETED_DEVICE_FAMILY = "1,2";
			};
			name = Release;
		};
/* End XCBuildConfiguration section */

/* Begin XCConfigurationList section */
		FB2B20BA2549D6CB00910FC4 /* Build configuration list for PBXProject "Barcodes" */ = {
			isa = XCConfigurationList;
			buildConfigurations = (
				FB2B20D12549D6CE00910FC4 /* Debug */,
				FB2B20D22549D6CE00910FC4 /* Release */,
			);
			defaultConfigurationIsVisible = 0;
			defaultConfigurationName = Release;
		};
		FB2B20D32549D6CE00910FC4 /* Build configuration list for PBXNativeTarget "Barcodes" */ = {
			isa = XCConfigurationList;
			buildConfigurations = (
				FB2B20D42549D6CE00910FC4 /* Debug */,
				FB2B20D52549D6CE00910FC4 /* Release */,
			);
			defaultConfigurationIsVisible = 0;
			defaultConfigurationName = Release;
		};
/* End XCConfigurationList section */
	};
	rootObject = FB2B20B72549D6CB00910FC4 /* Project object */;
}
